
Microsoft Visual Studio Solution File, Format Version 12.00
# Visual Studio Version 17
VisualStudioVersion = 17.4.33110.190
MinimumVisualStudioVersion = 10.0.40219.1
Project("{FAE04EC0-301F-11D3-BF4B-00C04F79EFBC}") = "SIMPLECALCULATOR", "SIMPLECALCULATOR\SIMPLECALCULATOR.csproj", "{65E7A1CF-75C4-4C4E-92F9-E3DAB4908DBE}"
EndProject
Global
	GlobalSection(SolutionConfigurationPlatforms) = preSolution
		Debug|Any CPU = Debug|Any CPU
		Release|Any CPU = Release|Any CPU
	EndGlobalSection
	GlobalSection(ProjectConfigurationPlatforms) = postSolution
		{65E7A1CF-75C4-4C4E-92F9-E3DAB4908DBE}.Debug|Any CPU.ActiveCfg = Debug|Any CPU
		{65E7A1CF-75C4-4C4E-92F9-E3DAB4908DBE}.Debug|Any CPU.Build.0 = Debug|Any CPU
		{65E7A1CF-75C4-4C4E-92F9-E3DAB4908DBE}.Release|Any CPU.ActiveCfg = Release|Any CPU
		{65E7A1CF-75C4-4C4E-92F9-E3DAB4908DBE}.Release|Any CPU.Build.0 = Release|Any CPU
	EndGlobalSection
	GlobalSection(SolutionProperties) = preSolution
		HideSolutionNode = FALSE
	EndGlobalSection
	GlobalSection(ExtensibilityGlobals) = postSolution
		SolutionGuid = {9480F116-4C88-4FCC-9DF0-C07F9B5FCB3F}
	EndGlobalSection
EndGlobal
