
Microsoft Visual Studio Solution File, Format Version 12.00
# Visual Studio Version 17
VisualStudioVersion = 17.4.33110.190
MinimumVisualStudioVersion = 10.0.40219.1
Project("{FAE04EC0-301F-11D3-BF4B-00C04F79EFBC}") = "COMMONDIALOG", "COMMONDIALOG\COMMONDIALOG.csproj", "{000EFFB9-A0F3-48C1-858A-23A984E76ED6}"
EndProject
Global
	GlobalSection(SolutionConfigurationPlatforms) = preSolution
		Debug|Any CPU = Debug|Any CPU
		Release|Any CPU = Release|Any CPU
	EndGlobalSection
	GlobalSection(ProjectConfigurationPlatforms) = postSolution
		{000EFFB9-A0F3-48C1-858A-23A984E76ED6}.Debug|Any CPU.ActiveCfg = Debug|Any CPU
		{000EFFB9-A0F3-48C1-858A-23A984E76ED6}.Debug|Any CPU.Build.0 = Debug|Any CPU
		{000EFFB9-A0F3-48C1-858A-23A984E76ED6}.Release|Any CPU.ActiveCfg = Release|Any CPU
		{000EFFB9-A0F3-48C1-858A-23A984E76ED6}.Release|Any CPU.Build.0 = Release|Any CPU
	EndGlobalSection
	GlobalSection(SolutionProperties) = preSolution
		HideSolutionNode = FALSE
	EndGlobalSection
	GlobalSection(ExtensibilityGlobals) = postSolution
		SolutionGuid = {166AC729-F4F4-4571-A0D4-E58439E69C79}
	EndGlobalSection
EndGlobal
