
Microsoft Visual Studio Solution File, Format Version 12.00
# Visual Studio Version 17
VisualStudioVersion = 17.4.33110.190
MinimumVisualStudioVersion = 10.0.40219.1
Project("{FAE04EC0-301F-11D3-BF4B-00C04F79EFBC}") = "EDITORDONGIAN", "EDITORDONGIAN\EDITORDONGIAN.csproj", "{089B99AB-111F-48C5-A03E-B1677DE8142F}"
EndProject
Global
	GlobalSection(SolutionConfigurationPlatforms) = preSolution
		Debug|Any CPU = Debug|Any CPU
		Release|Any CPU = Release|Any CPU
	EndGlobalSection
	GlobalSection(ProjectConfigurationPlatforms) = postSolution
		{089B99AB-111F-48C5-A03E-B1677DE8142F}.Debug|Any CPU.ActiveCfg = Debug|Any CPU
		{089B99AB-111F-48C5-A03E-B1677DE8142F}.Debug|Any CPU.Build.0 = Debug|Any CPU
		{089B99AB-111F-48C5-A03E-B1677DE8142F}.Release|Any CPU.ActiveCfg = Release|Any CPU
		{089B99AB-111F-48C5-A03E-B1677DE8142F}.Release|Any CPU.Build.0 = Release|Any CPU
	EndGlobalSection
	GlobalSection(SolutionProperties) = preSolution
		HideSolutionNode = FALSE
	EndGlobalSection
	GlobalSection(ExtensibilityGlobals) = postSolution
		SolutionGuid = {F820FB6C-0742-4C63-B7A2-E792C79C17C4}
	EndGlobalSection
EndGlobal
