
Microsoft Visual Studio Solution File, Format Version 12.00
# Visual Studio Version 17
VisualStudioVersion = 17.4.33110.190
MinimumVisualStudioVersion = 10.0.40219.1
Project("{FAE04EC0-301F-11D3-BF4B-00C04F79EFBC}") = "LISTVIEWDEMO", "LISTVIEWDEMO\LISTVIEWDEMO.csproj", "{3E3A7FA6-514F-425D-AB9C-AB2928D38C42}"
EndProject
Global
	GlobalSection(SolutionConfigurationPlatforms) = preSolution
		Debug|Any CPU = Debug|Any CPU
		Release|Any CPU = Release|Any CPU
	EndGlobalSection
	GlobalSection(ProjectConfigurationPlatforms) = postSolution
		{3E3A7FA6-514F-425D-AB9C-AB2928D38C42}.Debug|Any CPU.ActiveCfg = Debug|Any CPU
		{3E3A7FA6-514F-425D-AB9C-AB2928D38C42}.Debug|Any CPU.Build.0 = Debug|Any CPU
		{3E3A7FA6-514F-425D-AB9C-AB2928D38C42}.Release|Any CPU.ActiveCfg = Release|Any CPU
		{3E3A7FA6-514F-425D-AB9C-AB2928D38C42}.Release|Any CPU.Build.0 = Release|Any CPU
	EndGlobalSection
	GlobalSection(SolutionProperties) = preSolution
		HideSolutionNode = FALSE
	EndGlobalSection
	GlobalSection(ExtensibilityGlobals) = postSolution
		SolutionGuid = {3F6ED07F-22C4-4E9E-91E5-B5A142DD9A18}
	EndGlobalSection
EndGlobal
